
Microsoft Visual Studio Solution File, Format Version 12.00
# Visual Studio 15
Project("{FAE04EC0-301F-11D3-BF4B-00C04F79EFBC}") = "AlgorithmPuzzle", "AlgorithmPuzzle.csproj", "{B57F7926-0A78-500E-9D6A-09C682F91325}"
EndProject
Project("{FAE04EC0-301F-11D3-BF4B-00C04F79EFBC}") = "AlgorithmPuzzle.Plugins", "AlgorithmPuzzle.Plugins.csproj", "{317FA5F3-C4F8-2CFE-8090-262CA2ED8723}"
EndProject
Project("{FAE04EC0-301F-11D3-BF4B-00C04F79EFBC}") = "AlgorithmPuzzle.Editor", "AlgorithmPuzzle.Editor.csproj", "{578E3B05-2168-B958-F156-E5D89F076DC5}"
EndProject
Global
	GlobalSection(SolutionConfigurationPlatforms) = preSolution
		Debug|Any CPU = Debug|Any CPU
		Release|Any CPU = Release|Any CPU
	EndGlobalSection
	GlobalSection(ProjectConfigurationPlatforms) = postSolution
		{B57F7926-0A78-500E-9D6A-09C682F91325}.Debug|Any CPU.ActiveCfg = Debug|Any CPU
		{B57F7926-0A78-500E-9D6A-09C682F91325}.Debug|Any CPU.Build.0 = Debug|Any CPU
		{B57F7926-0A78-500E-9D6A-09C682F91325}.Release|Any CPU.ActiveCfg = Release|Any CPU
		{B57F7926-0A78-500E-9D6A-09C682F91325}.Release|Any CPU.Build.0 = Release|Any CPU
		{317FA5F3-C4F8-2CFE-8090-262CA2ED8723}.Debug|Any CPU.ActiveCfg = Debug|Any CPU
		{317FA5F3-C4F8-2CFE-8090-262CA2ED8723}.Debug|Any CPU.Build.0 = Debug|Any CPU
		{317FA5F3-C4F8-2CFE-8090-262CA2ED8723}.Release|Any CPU.ActiveCfg = Release|Any CPU
		{317FA5F3-C4F8-2CFE-8090-262CA2ED8723}.Release|Any CPU.Build.0 = Release|Any CPU
		{578E3B05-2168-B958-F156-E5D89F076DC5}.Debug|Any CPU.ActiveCfg = Debug|Any CPU
		{578E3B05-2168-B958-F156-E5D89F076DC5}.Debug|Any CPU.Build.0 = Debug|Any CPU
		{578E3B05-2168-B958-F156-E5D89F076DC5}.Release|Any CPU.ActiveCfg = Release|Any CPU
		{578E3B05-2168-B958-F156-E5D89F076DC5}.Release|Any CPU.Build.0 = Release|Any CPU
	EndGlobalSection
	GlobalSection(SolutionProperties) = preSolution
		HideSolutionNode = FALSE
	EndGlobalSection
EndGlobal
